
Microsoft Visual Studio Solution File, Format Version 10.00
# Visual Studio 2008
Project("{E24C65DC-7377-472B-9ABA-BC803B73C61A}") = "chillaid", "..\chillaid", "{6792AE72-68EB-4861-9407-AAA3E72D483B}"
	ProjectSection(WebsiteProperties) = preProject
		TargetFramework = "3.5"
		Debug.AspNetCompiler.VirtualPath = "/chillaid"
		Debug.AspNetCompiler.PhysicalPath = "F:\projects_2021\Habib Rajbar\GPS WEBSITE\Templates\chillaid\"
		Debug.AspNetCompiler.TargetPath = "PrecompiledWeb\chillaid\"
		Debug.AspNetCompiler.Updateable = "true"
		Debug.AspNetCompiler.ForceOverwrite = "true"
		Debug.AspNetCompiler.FixedNames = "false"
		Debug.AspNetCompiler.Debug = "True"
		Release.AspNetCompiler.VirtualPath = "/chillaid"
		Release.AspNetCompiler.PhysicalPath = "F:\projects_2021\Habib Rajbar\GPS WEBSITE\Templates\chillaid\"
		Release.AspNetCompiler.TargetPath = "PrecompiledWeb\chillaid\"
		Release.AspNetCompiler.Updateable = "true"
		Release.AspNetCompiler.ForceOverwrite = "true"
		Release.AspNetCompiler.FixedNames = "false"
		Release.AspNetCompiler.Debug = "False"
		VWDPort = "6800"
	EndProjectSection
EndProject
Global
	GlobalSection(SolutionConfigurationPlatforms) = preSolution
		Debug|.NET = Debug|.NET
	EndGlobalSection
	GlobalSection(ProjectConfigurationPlatforms) = postSolution
		{6792AE72-68EB-4861-9407-AAA3E72D483B}.Debug|.NET.ActiveCfg = Debug|.NET
		{6792AE72-68EB-4861-9407-AAA3E72D483B}.Debug|.NET.Build.0 = Debug|.NET
	EndGlobalSection
	GlobalSection(SolutionProperties) = preSolution
		HideSolutionNode = FALSE
	EndGlobalSection
EndGlobal
